Microsoft Visual Studio Solution File, Format Version 11.00
# Visual Studio 2008

Project("{74F6904B-B8DE-DE5F-8EAD-DCC20A2A31CE}") = "ufo", "Assembly-CSharp.csproj", "{BBD90AF3-59D6-13F7-2DC0-94C538D25607}"
EndProject
Global
	GlobalSection(SolutionConfigurationPlatforms) = preSolution
		Debug|Any CPU = Debug|Any CPU
		Release|Any CPU = Release|Any CPU
	EndGlobalSection
	GlobalSection(ProjectConfigurationPlatforms) = postSolution
		{BBD90AF3-59D6-13F7-2DC0-94C538D25607}.Debug|Any CPU.ActiveCfg = Debug|Any CPU
		{BBD90AF3-59D6-13F7-2DC0-94C538D25607}.Debug|Any CPU.Build.0 = Debug|Any CPU
		{BBD90AF3-59D6-13F7-2DC0-94C538D25607}.Release|Any CPU.ActiveCfg = Release|Any CPU
		{BBD90AF3-59D6-13F7-2DC0-94C538D25607}.Release|Any CPU.Build.0 = Release|Any CPU
	EndGlobalSection
	GlobalSection(SolutionProperties) = preSolution
		HideSolutionNode = FALSE
	EndGlobalSection
	GlobalSection(MonoDevelopProperties) = preSolution
		StartupItem = Assembly-CSharp.csproj
	EndGlobalSection
EndGlobal
